lockfileVersion: '9.0'

settings:
  autoInstallPeers: true
  excludeLinksFromLockfile: false

importers:

  .:
    dependencies:
      '@solana-program/compute-budget':
        specifier: ^0.8.0
        version: 0.8.0(@solana/kit@5.4.0(fastestsmallesttextencoderdecoder@1.0.22)(typescript@5.9.2))
      '@solana-program/memo':
        specifier: ^0.7.0
        version: 0.7.0(@solana/kit@5.4.0(fastestsmallesttextencoderdecoder@1.0.22)(typescript@5.9.2))
      '@solana-program/system':
        specifier: ^0.7.0
        version: 0.7.0(@solana/kit@5.4.0(fastestsmallesttextencoderdecoder@1.0.22)(typescript@5.9.2))
      '@solana-program/token':
        specifier: ^0.5.1
        version: 0.5.1(@solana/kit@5.4.0(fastestsmallesttextencoderdecoder@1.0.22)(typescript@5.9.2))
      '@solana/assertions':
        specifier: ^5.1.0
        version: 5.4.0(typescript@5.9.2)
      '@solana/kit':
        specifier: ^5.1.0
        version: 5.4.0(fastestsmallesttextencoderdecoder@1.0.22)(typescript@5.9.2)
      '@solana/kora':
        specifier: ^0.1.0
        version: 0.1.1(@solana-program/token@0.5.1(@solana/kit@5.4.0(fastestsmallesttextencoderdecoder@1.0.22)(typescript@5.9.2)))(@solana/kit@5.4.0(fastestsmallesttextencoderdecoder@1.0.22)(typescript@5.9.2))
      '@solana/transaction-confirmation':
        specifier: ^5.1.0
        version: 5.4.0(fastestsmallesttextencoderdecoder@1.0.22)(typescript@5.9.2)
      dotenv:
        specifier: ^17.2.0
        version: 17.2.1
    devDependencies:
      '@types/node':
        specifier: ^24.0.13
        version: 24.2.1
      tsx:
        specifier: ^4.20.5
        version: 4.20.5
      typescript:
        specifier: ^5.8.3
        version: 5.9.2

packages:

  '@esbuild/aix-ppc64@0.25.9':
    resolution: {integrity: sha512-OaGtL73Jck6pBKjNIe24BnFE6agGl+6KxDtTfHhy1HmhthfKouEcOhqpSL64K4/0WCtbKFLOdzD/44cJ4k9opA==}
    engines: {node: '>=18'}
    cpu: [ppc64]
    os: [aix]

  '@esbuild/android-arm64@0.25.9':
    resolution: {integrity: sha512-IDrddSmpSv51ftWslJMvl3Q2ZT98fUSL2/rlUXuVqRXHCs5EUF1/f+jbjF5+NG9UffUDMCiTyh8iec7u8RlTLg==}
    engines: {node: '>=18'}
    cpu: [arm64]
    os: [android]

  '@esbuild/android-arm@0.25.9':
    resolution: {integrity: sha512-5WNI1DaMtxQ7t7B6xa572XMXpHAaI/9Hnhk8lcxF4zVN4xstUgTlvuGDorBguKEnZO70qwEcLpfifMLoxiPqHQ==}
    engines: {node: '>=18'}
    cpu: [arm]
    os: [android]

  '@esbuild/android-x64@0.25.9':
    resolution: {integrity: sha512-I853iMZ1hWZdNllhVZKm34f4wErd4lMyeV7BLzEExGEIZYsOzqDWDf+y082izYUE8gtJnYHdeDpN/6tUdwvfiw==}
    engines: {node: '>=18'}
    cpu: [x64]
    os: [android]

  '@esbuild/darwin-arm64@0.25.9':
    resolution: {integrity: sha512-XIpIDMAjOELi/9PB30vEbVMs3GV1v2zkkPnuyRRURbhqjyzIINwj+nbQATh4H9GxUgH1kFsEyQMxwiLFKUS6Rg==}
    engines: {node: '>=18'}
    cpu: [arm64]
    os: [darwin]

  '@esbuild/darwin-x64@0.25.9':
    resolution: {integrity: sha512-jhHfBzjYTA1IQu8VyrjCX4ApJDnH+ez+IYVEoJHeqJm9VhG9Dh2BYaJritkYK3vMaXrf7Ogr/0MQ8/MeIefsPQ==}
    engines: {node: '>=18'}
    cpu: [x64]
    os: [darwin]

  '@esbuild/freebsd-arm64@0.25.9':
    resolution: {integrity: sha512-z93DmbnY6fX9+KdD4Ue/H6sYs+bhFQJNCPZsi4XWJoYblUqT06MQUdBCpcSfuiN72AbqeBFu5LVQTjfXDE2A6Q==}
    engines: {node: '>=18'}
    cpu: [arm64]
    os: [freebsd]

  '@esbuild/freebsd-x64@0.25.9':
    resolution: {integrity: sha512-mrKX6H/vOyo5v71YfXWJxLVxgy1kyt1MQaD8wZJgJfG4gq4DpQGpgTB74e5yBeQdyMTbgxp0YtNj7NuHN0PoZg==}
    engines: {node: '>=18'}
    cpu: [x64]
    os: [freebsd]

  '@esbuild/linux-arm64@0.25.9':
    resolution: {integrity: sha512-BlB7bIcLT3G26urh5Dmse7fiLmLXnRlopw4s8DalgZ8ef79Jj4aUcYbk90g8iCa2467HX8SAIidbL7gsqXHdRw==}
    engines: {node: '>=18'}
    cpu: [arm64]
    os: [linux]

  '@esbuild/linux-arm@0.25.9':
    resolution: {integrity: sha512-HBU2Xv78SMgaydBmdor38lg8YDnFKSARg1Q6AT0/y2ezUAKiZvc211RDFHlEZRFNRVhcMamiToo7bDx3VEOYQw==}
    engines: {node: '>=18'}
    cpu: [arm]
    os: [linux]

  '@esbuild/linux-ia32@0.25.9':
    resolution: {integrity: sha512-e7S3MOJPZGp2QW6AK6+Ly81rC7oOSerQ+P8L0ta4FhVi+/j/v2yZzx5CqqDaWjtPFfYz21Vi1S0auHrap3Ma3A==}
    engines: {node: '>=18'}
    cpu: [ia32]
    os: [linux]

  '@esbuild/linux-loong64@0.25.9':
    resolution: {integrity: sha512-Sbe10Bnn0oUAB2AalYztvGcK+o6YFFA/9829PhOCUS9vkJElXGdphz0A3DbMdP8gmKkqPmPcMJmJOrI3VYB1JQ==}
    engines: {node: '>=18'}
    cpu: [loong64]
    os: [linux]

  '@esbuild/linux-mips64el@0.25.9':
    resolution: {integrity: sha512-YcM5br0mVyZw2jcQeLIkhWtKPeVfAerES5PvOzaDxVtIyZ2NUBZKNLjC5z3/fUlDgT6w89VsxP2qzNipOaaDyA==}
    engines: {node: '>=18'}
    cpu: [mips64el]
    os: [linux]

  '@esbuild/linux-ppc64@0.25.9':
    resolution: {integrity: sha512-++0HQvasdo20JytyDpFvQtNrEsAgNG2CY1CLMwGXfFTKGBGQT3bOeLSYE2l1fYdvML5KUuwn9Z8L1EWe2tzs1w==}
    engines: {node: '>=18'}
    cpu: [ppc64]
    os: [linux]

  '@esbuild/linux-riscv64@0.25.9':
    resolution: {integrity: sha512-uNIBa279Y3fkjV+2cUjx36xkx7eSjb8IvnL01eXUKXez/CBHNRw5ekCGMPM0BcmqBxBcdgUWuUXmVWwm4CH9kg==}
    engines: {node: '>=18'}
    cpu: [riscv64]
    os: [linux]

  '@esbuild/linux-s390x@0.25.9':
    resolution: {integrity: sha512-Mfiphvp3MjC/lctb+7D287Xw1DGzqJPb/J2aHHcHxflUo+8tmN/6d4k6I2yFR7BVo5/g7x2Monq4+Yew0EHRIA==}
    engines: {node: '>=18'}
    cpu: [s390x]
    os: [linux]

  '@esbuild/linux-x64@0.25.9':
    resolution: {integrity: sha512-iSwByxzRe48YVkmpbgoxVzn76BXjlYFXC7NvLYq+b+kDjyyk30J0JY47DIn8z1MO3K0oSl9fZoRmZPQI4Hklzg==}
    engines: {node: '>=18'}
    cpu: [x64]
    os: [linux]

  '@esbuild/netbsd-arm64@0.25.9':
    resolution: {integrity: sha512-9jNJl6FqaUG+COdQMjSCGW4QiMHH88xWbvZ+kRVblZsWrkXlABuGdFJ1E9L7HK+T0Yqd4akKNa/lO0+jDxQD4Q==}
    engines: {node: '>=18'}
    cpu: [arm64]
    os: [netbsd]

  '@esbuild/netbsd-x64@0.25.9':
    resolution: {integrity: sha512-RLLdkflmqRG8KanPGOU7Rpg829ZHu8nFy5Pqdi9U01VYtG9Y0zOG6Vr2z4/S+/3zIyOxiK6cCeYNWOFR9QP87g==}
    engines: {node: '>=18'}
    cpu: [x64]
    os: [netbsd]

  '@esbuild/openbsd-arm64@0.25.9':
    resolution: {integrity: sha512-YaFBlPGeDasft5IIM+CQAhJAqS3St3nJzDEgsgFixcfZeyGPCd6eJBWzke5piZuZ7CtL656eOSYKk4Ls2C0FRQ==}
    engines: {node: '>=18'}
    cpu: [arm64]
    os: [openbsd]

  '@esbuild/openbsd-x64@0.25.9':
    resolution: {integrity: sha512-1MkgTCuvMGWuqVtAvkpkXFmtL8XhWy+j4jaSO2wxfJtilVCi0ZE37b8uOdMItIHz4I6z1bWWtEX4CJwcKYLcuA==}
    engines: {node: '>=18'}
    cpu: [x64]
    os: [openbsd]

  '@esbuild/openharmony-arm64@0.25.9':
    resolution: {integrity: sha512-4Xd0xNiMVXKh6Fa7HEJQbrpP3m3DDn43jKxMjxLLRjWnRsfxjORYJlXPO4JNcXtOyfajXorRKY9NkOpTHptErg==}
    engines: {node: '>=18'}
    cpu: [arm64]
    os: [openharmony]

  '@esbuild/sunos-x64@0.25.9':
    resolution: {integrity: sha512-WjH4s6hzo00nNezhp3wFIAfmGZ8U7KtrJNlFMRKxiI9mxEK1scOMAaa9i4crUtu+tBr+0IN6JCuAcSBJZfnphw==}
    engines: {node: '>=18'}
    cpu: [x64]
    os: [sunos]

  '@esbuild/win32-arm64@0.25.9':
    resolution: {integrity: sha512-mGFrVJHmZiRqmP8xFOc6b84/7xa5y5YvR1x8djzXpJBSv/UsNK6aqec+6JDjConTgvvQefdGhFDAs2DLAds6gQ==}
    engines: {node: '>=18'}
    cpu: [arm64]
    os: [win32]

  '@esbuild/win32-ia32@0.25.9':
    resolution: {integrity: sha512-b33gLVU2k11nVx1OhX3C8QQP6UHQK4ZtN56oFWvVXvz2VkDoe6fbG8TOgHFxEvqeqohmRnIHe5A1+HADk4OQww==}
    engines: {node: '>=18'}
    cpu: [ia32]
    os: [win32]

  '@esbuild/win32-x64@0.25.9':
    resolution: {integrity: sha512-PPOl1mi6lpLNQxnGoyAfschAodRFYXJ+9fs6WHXz7CSWKbOqiMZsubC+BQsVKuul+3vKLuwTHsS2c2y9EoKwxQ==}
    engines: {node: '>=18'}
    cpu: [x64]
    os: [win32]

  '@solana-program/compute-budget@0.8.0':
    resolution: {integrity: sha512-qPKxdxaEsFxebZ4K5RPuy7VQIm/tfJLa1+Nlt3KNA8EYQkz9Xm8htdoEaXVrer9kpgzzp9R3I3Bh6omwCM06tQ==}
    peerDependencies:
      '@solana/kit': ^2.1.0

  '@solana-program/memo@0.7.0':
    resolution: {integrity: sha512-3T9iUjWSYtN/5S5jzJuasD2yQfVfFAQ9yTwIE25+P9peWqz4oarn6ZQvRj/FLcBqaMLtSqLhU1hN2cyVBS6hyg==}
    peerDependencies:
      '@solana/kit': ^2.1.0

  '@solana-program/system@0.7.0':
    resolution: {integrity: sha512-FKTBsKHpvHHNc1ATRm7SlC5nF/VdJtOSjldhcyfMN9R7xo712Mo2jHIzvBgn8zQO5Kg0DcWuKB7268Kv1ocicw==}
    peerDependencies:
      '@solana/kit': ^2.1.0

  '@solana-program/token@0.5.1':
    resolution: {integrity: sha512-bJvynW5q9SFuVOZ5vqGVkmaPGA0MCC+m9jgJj1nk5m20I389/ms69ASnhWGoOPNcie7S9OwBX0gTj2fiyWpfag==}
    peerDependencies:
      '@solana/kit': ^2.1.0

  '@solana/accounts@5.4.0':
    resolution: {integrity: sha512-qHtAtwCcCFTXcya6JOOG1nzYicivivN/JkcYNHr10qOp9b4MVRkfW1ZAAG1CNzjMe5+mwtEl60RwdsY9jXNb+Q==}
    engines: {node: '>=20.18.0'}
    peerDependencies:
      typescript: ^5.0.0
    peerDependenciesMeta:
      typescript:
        optional: true

  '@solana/addresses@5.4.0':
    resolution: {integrity: sha512-YRHiH30S8qDV4bZ+mtEk589PGfBuXHzD/fK2Z+YI5f/+s+yi/5le/fVw7PN6LxnnmVQKiRCDUiNF+WmFFKi6QQ==}
    engines: {node: '>=20.18.0'}
    peerDependencies:
      typescript: ^5.0.0
    peerDependenciesMeta:
      typescript:
        optional: true

  '@solana/assertions@5.4.0':
    resolution: {integrity: sha512-8EP7mkdnrPc9y67FqWeAPzdWq2qAOkxsuo+ZBIXNWtIixDtXIdHrgjZ/wqbWxLgSTtXEfBCjpZU55Xw2Qfbwyg==}
    engines: {node: '>=20.18.0'}
    peerDependencies:
      typescript: ^5.0.0
    peerDependenciesMeta:
      typescript:
        optional: true

  '@solana/codecs-core@5.4.0':
    resolution: {integrity: sha512-rQ5jXgiDe2vIU+mYCHDjgwMd9WdzZfh4sc5H6JgYleAUjeTUX6mx8hTV2+pcXvvn27LPrgrt9jfxswbDb8O8ww==}
    engines: {node: '>=20.18.0'}
    peerDependencies:
      typescript: ^5.0.0
    peerDependenciesMeta:
      typescript:
        optional: true

  '@solana/codecs-data-structures@5.4.0':
    resolution: {integrity: sha512-LVssbdQ1GfY6upnxW3mufYsNfvTWKnHNk5Hx2gHuOYJhm3HZlp+Y8zvuoY65G1d1xAXkPz5YVGxaSeVIRWLGWg==}
    engines: {node: '>=20.18.0'}
    peerDependencies:
      typescript: ^5.0.0
    peerDependenciesMeta:
      typescript:
        optional: true

  '@solana/codecs-numbers@5.4.0':
    resolution: {integrity: sha512-z6LMkY+kXWx1alrvIDSAxexY5QLhsso638CjM7XI1u6dB7drTLWKhifyjnm1vOQc1VPVFmbYxTgKKpds8TY8tg==}
    engines: {node: '>=20.18.0'}
    peerDependencies:
      typescript: ^5.0.0
    peerDependenciesMeta:
      typescript:
        optional: true

  '@solana/codecs-strings@5.4.0':
    resolution: {integrity: sha512-w0trrjfQDhkCVz7O1GTmHBk9m+MkljKx2uNBbQAD3/yW2Qn9dYiTrZ1/jDVq0/+lPPAUkbT3s3Yo7HUZ2QFmHw==}
    engines: {node: '>=20.18.0'}
    peerDependencies:
      fastestsmallesttextencoderdecoder: ^1.0.22
      typescript: ^5.0.0
    peerDependenciesMeta:
      fastestsmallesttextencoderdecoder:
        optional: true
      typescript:
        optional: true

  '@solana/codecs@5.4.0':
    resolution: {integrity: sha512-IbDCUvNX0MrkQahxiXj9rHzkd/fYfp1F2nTJkHGH8v+vPfD+YPjl007ZBM38EnCeXj/Xn+hxqBBivPvIHP29dA==}
    engines: {node: '>=20.18.0'}
    peerDependencies:
      typescript: ^5.0.0
    peerDependenciesMeta:
      typescript:
        optional: true

  '@solana/errors@5.4.0':
    resolution: {integrity: sha512-hNoAOmlZAszaVBrAy1Jf7amHJ8wnUnTU0BqhNQXknbSvirvsYr81yEud2iq18YiCqhyJ9SuQ5kWrSAT0x7S0oA==}
    engines: {node: '>=20.18.0'}
    hasBin: true
    peerDependencies:
      typescript: ^5.0.0
    peerDependenciesMeta:
      typescript:
        optional: true

  '@solana/fast-stable-stringify@5.4.0':
    resolution: {integrity: sha512-KB7PUL7yalPvbWCezzyUDVRDp39eHLPH7OJ6S8VFT8YNIFUANwwj5ctui50Fim76kvSYDdYJOclXV45O2gfQ8Q==}
    engines: {node: '>=20.18.0'}
    peerDependencies:
      typescript: ^5.0.0
    peerDependenciesMeta:
      typescript:
        optional: true

  '@solana/functional@5.4.0':
    resolution: {integrity: sha512-32ghHO0bg6GgX/7++0/7Lps6RgeXD2gKF1okiuyEGuVfKENIapgaQdcGhUwb3q6D6fv6MRAVn/Yve4jopGVNMQ==}
    engines: {node: '>=20.18.0'}
    peerDependencies:
      typescript: ^5.0.0
    peerDependenciesMeta:
      typescript:
        optional: true

  '@solana/instruction-plans@5.4.0':
    resolution: {integrity: sha512-5xbJ+I/pP2aWECmK75bEM1zCnIITlohAK83dVN+t5X2vBFrr6M9gifo8r4Opdnibsgo6QVVkKPxRo5zow5j0ig==}
    engines: {node: '>=20.18.0'}
    peerDependencies:
      typescript: ^5.0.0
    peerDependenciesMeta:
      typescript:
        optional: true

  '@solana/instructions@5.4.0':
    resolution: {integrity: sha512-//a7jpHbNoAgTqy3YyqG1X6QhItJLKzJa6zuYJGCwaAAJye7BxS9pxJBgb2mUt7CGidhUksf+U8pmLlxCNWYyg==}
    engines: {node: '>=20.18.0'}
    peerDependencies:
      typescript: ^5.0.0
    peerDependenciesMeta:
      typescript:
        optional: true

  '@solana/keys@5.4.0':
    resolution: {integrity: sha512-zQVbAwdoXorgXjlhlVTZaymFG6N8n1zn2NT+xI6S8HtbrKIB/42xPdXFh+zIihGzRw+9k8jzU7Axki/IPm6qWQ==}
    engines: {node: '>=20.18.0'}
    peerDependencies:
      typescript: ^5.0.0
    peerDependenciesMeta:
      typescript:
        optional: true

  '@solana/kit@5.4.0':
    resolution: {integrity: sha512-aVjN26jOEzJA6UBYxSTQciZPXgTxWnO/WysHrw+yeBL/5AaTZnXEgb4j5xV6cUFzOlVxhJBrx51xtoxSqJ0u3g==}
    engines: {node: '>=20.18.0'}
    peerDependencies:
      typescript: ^5.0.0
    peerDependenciesMeta:
      typescript:
        optional: true

  '@solana/kora@0.1.1':
    resolution: {integrity: sha512-8INbMb2spqfksoBmiXpaNX/lQhiVcfULTXVT38pZbAjaQNduK5a2HMtcuPT3Hetr/FNK6bDHVMzR1dIpQNV05w==}
    peerDependencies:
      '@solana-program/token': ^0.9.0
      '@solana/kit': ^5.0.0

  '@solana/nominal-types@5.4.0':
    resolution: {integrity: sha512-h4dTRQwTerzksE5B1WmObN6TvLo8dYUd7kpUUynGd8WJjK0zz3zkDhq0MkA3aF6A1C2C82BSGqSsN9EN0E6Exg==}
    engines: {node: '>=20.18.0'}
    peerDependencies:
      typescript: ^5.0.0
    peerDependenciesMeta:
      typescript:
        optional: true

  '@solana/offchain-messages@5.4.0':
    resolution: {integrity: sha512-DjdlYJCcKfgh4dkdk+owH1bP+Q4BRqCs55mgWWp9PTwm/HHy/a5vcMtCi1GyIQXfhtNNvKBLbXrUE0Fxej8qlg==}
    engines: {node: '>=20.18.0'}
    peerDependencies:
      typescript: ^5.0.0
    peerDependenciesMeta:
      typescript:
        optional: true

  '@solana/options@5.4.0':
    resolution: {integrity: sha512-h4vTWRChEXPhaHo9i1pCyQBWWs+NqYPQRXSAApqpUYvHb9Kct/C6KbHjfyaRMyqNQnDHLcJCX7oW9tk0iRDzIg==}
    engines: {node: '>=20.18.0'}
    peerDependencies:
      typescript: ^5.0.0
    peerDependenciesMeta:
      typescript:
        optional: true

  '@solana/plugin-core@5.4.0':
    resolution: {integrity: sha512-e1aLGLldW7C5113qTOjFYSGq95a4QC9TWb77iq+8l6h085DcNj+195r4E2zKaINrevQjQTwvxo00oUyHP7hSJA==}
    engines: {node: '>=20.18.0'}
    peerDependencies:
      typescript: ^5.0.0
    peerDependenciesMeta:
      typescript:
        optional: true

  '@solana/programs@5.4.0':
    resolution: {integrity: sha512-Sc90WK9ZZ7MghOflIvkrIm08JwsFC99yqSJy28/K+hDP2tcx+1x+H6OFP9cumW9eUA1+JVRDeKAhA8ak7e/kUA==}
    engines: {node: '>=20.18.0'}
    peerDependencies:
      typescript: ^5.0.0
    peerDependenciesMeta:
      typescript:
        optional: true

  '@solana/promises@5.4.0':
    resolution: {integrity: sha512-23mfgNBbuP6Q+4vsixGy+GkyZ7wBLrxTBNXqrG/XWrJhjuuSkjEUGaK4Fx5o7LIrBi6KGqPknKxmTlvqnJhy2Q==}
    engines: {node: '>=20.18.0'}
    peerDependencies:
      typescript: ^5.0.0
    peerDependenciesMeta:
      typescript:
        optional: true

  '@solana/rpc-api@5.4.0':
    resolution: {integrity: sha512-FJL6KaAsQ4DhfhLKKMcqbTpToNFwHlABCemIpOunE3OSqJFDrmc/NbsEaLIoeHyIg3d1Imo49GIUOn2TEouFUA==}
    engines: {node: '>=20.18.0'}
    peerDependencies:
      typescript: ^5.0.0
    peerDependenciesMeta:
      typescript:
        optional: true

  '@solana/rpc-parsed-types@5.4.0':
    resolution: {integrity: sha512-IRQuSzx+Sj1A3XGiIzguNZlMjMMybXTTjV/RnTwBgnJQPd/H4us4pfPD94r+/yolWDVfGjJRm04hnKVMjJU8Rg==}
    engines: {node: '>=20.18.0'}
    peerDependencies:
      typescript: ^5.0.0
    peerDependenciesMeta:
      typescript:
        optional: true

  '@solana/rpc-spec-types@5.4.0':
    resolution: {integrity: sha512-JU9hC5/iyJx30ym17gpoXDtT9rCbO6hLpB6UDhSFFoNeirxtTVb4OdnKtsjJDfXAiXsynJRsZRwfj3vGxRLgQw==}
    engines: {node: '>=20.18.0'}
    peerDependencies:
      typescript: ^5.0.0
    peerDependenciesMeta:
      typescript:
        optional: true

  '@solana/rpc-spec@5.4.0':
    resolution: {integrity: sha512-XMhxBb1GuZ3Kaeu5WNHB5KteCQ/aVuMByZmUKPqaanD+gs5MQZr0g62CvN7iwRlFU7GC18Q73ROWR3/JjzbXTA==}
    engines: {node: '>=20.18.0'}
    peerDependencies:
      typescript: ^5.0.0
    peerDependenciesMeta:
      typescript:
        optional: true

  '@solana/rpc-subscriptions-api@5.4.0':
    resolution: {integrity: sha512-euAFIG6ruEsqK+MsrL1tGSMbbOumm8UAyGzlD/kmXsAqqhcVsSeZdv5+BMIHIBsQ93GHcloA8UYw1BTPhpgl9w==}
    engines: {node: '>=20.18.0'}
    peerDependencies:
      typescript: ^5.0.0
    peerDependenciesMeta:
      typescript:
        optional: true

  '@solana/rpc-subscriptions-channel-websocket@5.4.0':
    resolution: {integrity: sha512-kWCmlW65MccxqXwKsIz+LkXUYQizgvBrrgYOkyclJHPa+zx4gqJjam87+wzvO9cfbDZRer3wtJBaRm61gTHNbw==}
    engines: {node: '>=20.18.0'}
    peerDependencies:
      typescript: ^5.0.0
    peerDependenciesMeta:
      typescript:
        optional: true

  '@solana/rpc-subscriptions-spec@5.4.0':
    resolution: {integrity: sha512-ELaV9Z39GtKyUO0++he00ymWleb07QXYJhSfA0e1N5Q9hXu/Y366kgXHDcbZ/oUJkT3ylNgTupkrsdtiy8Ryow==}
    engines: {node: '>=20.18.0'}
    peerDependencies:
      typescript: ^5.0.0
    peerDependenciesMeta:
      typescript:
        optional: true

  '@solana/rpc-subscriptions@5.4.0':
    resolution: {integrity: sha512-051t1CEjjAzM9ohjj2zb3ED70yeS3ZY8J5wSytL6tthTGImw/JB2a0D9DWMOKriFKt496n95IC+IdpJ35CpBWA==}
    engines: {node: '>=20.18.0'}
    peerDependencies:
      typescript: ^5.0.0
    peerDependenciesMeta:
      typescript:
        optional: true

  '@solana/rpc-transformers@5.4.0':
    resolution: {integrity: sha512-dZ8keYloLW+eRAwAPb471uWCFs58yHloLoI+QH0FulYpsSJ7F2BNWYcdnjSS/WiggsNcU6DhpWzYAzlEY66lGQ==}
    engines: {node: '>=20.18.0'}
    peerDependencies:
      typescript: ^5.0.0
    peerDependenciesMeta:
      typescript:
        optional: true

  '@solana/rpc-transport-http@5.4.0':
    resolution: {integrity: sha512-vidA+Qtqrnqp3QSVumWHdWJ/986yCr5+qX3fbc9KPm9Ofoto88OMWB/oLJvi2Tfges1UBu/jl+lJdsVckCM1bA==}
    engines: {node: '>=20.18.0'}
    peerDependencies:
      typescript: ^5.0.0
    peerDependenciesMeta:
      typescript:
        optional: true

  '@solana/rpc-types@5.4.0':
    resolution: {integrity: sha512-+C4N4/5AYzBdt3Y2yzkScknScy/jTx6wfvuJIY9XjOXtdDyZ8TmrnMwdPMTZPGLdLuHplJwlwy1acu/4hqmrBQ==}
    engines: {node: '>=20.18.0'}
    peerDependencies:
      typescript: ^5.0.0
    peerDependenciesMeta:
      typescript:
        optional: true

  '@solana/rpc@5.4.0':
    resolution: {integrity: sha512-S6GRG+usnubDs0JSpgc0ZWEh9IPL5KPWMuBoD8ggGVOIVWntp53FpvhYslNzbxWBXlTvJecr2todBipGVM/AqQ==}
    engines: {node: '>=20.18.0'}
    peerDependencies:
      typescript: ^5.0.0
    peerDependenciesMeta:
      typescript:
        optional: true

  '@solana/signers@5.4.0':
    resolution: {integrity: sha512-s+fZxpi6UPr6XNk2pH/R84WjNRoSktrgG8AGNfsj/V8MJ++eKX7hhIf4JsHZtnnQXXrHmS3ozB2oHlc8yEJvCQ==}
    engines: {node: '>=20.18.0'}
    peerDependencies:
      typescript: ^5.0.0
    peerDependenciesMeta:
      typescript:
        optional: true

  '@solana/subscribable@5.4.0':
    resolution: {integrity: sha512-72LmfNX7UENgA24sn/xjlWpPAOsrxkWb9DQhuPZxly/gq8rl/rvr7Xu9qBkvFF2po9XpdUrKlccqY4awvfpltA==}
    engines: {node: '>=20.18.0'}
    peerDependencies:
      typescript: ^5.0.0
    peerDependenciesMeta:
      typescript:
        optional: true

  '@solana/sysvars@5.4.0':
    resolution: {integrity: sha512-A5NES7sOlFmpnsiEts5vgyL3NXrt/tGGVSEjlEGvsgwl5EDZNv+xWnNA400uMDqd9O3a5PmH7p/6NsgR+kUzSg==}
    engines: {node: '>=20.18.0'}
    peerDependencies:
      typescript: ^5.0.0
    peerDependenciesMeta:
      typescript:
        optional: true

  '@solana/transaction-confirmation@5.4.0':
    resolution: {integrity: sha512-EdSDgxs84/4gkjQw2r7N+Kgus8x9U+NFo0ufVG+48V8Hzy2t0rlBuXgIxwx0zZwUuTIgaKhpIutJgVncwZ5koA==}
    engines: {node: '>=20.18.0'}
    peerDependencies:
      typescript: ^5.0.0
    peerDependenciesMeta:
      typescript:
        optional: true

  '@solana/transaction-messages@5.4.0':
    resolution: {integrity: sha512-qd/3kZDaPiHM0amhn3vXnupfcsFTVz6CYuHXvq9HFv/fq32+5Kp1FMLnmHwoSxQxdTMDghPdOhC4vhNhuWmuVQ==}
    engines: {node: '>=20.18.0'}
    peerDependencies:
      typescript: ^5.0.0
    peerDependenciesMeta:
      typescript:
        optional: true

  '@solana/transactions@5.4.0':
    resolution: {integrity: sha512-OuY4M4x/xna8KZQIrz8tSrI9EEul9Od97XejqFmGGkEjbRsUOfJW8705TveTW8jU3bd5RGecFYscPgS2F+m7jQ==}
    engines: {node: '>=20.18.0'}
    peerDependencies:
      typescript: ^5.0.0
    peerDependenciesMeta:
      typescript:
        optional: true

  '@types/node@24.2.1':
    resolution: {integrity: sha512-DRh5K+ka5eJic8CjH7td8QpYEV6Zo10gfRkjHCO3weqZHWDtAaSTFtl4+VMqOJ4N5jcuhZ9/l+yy8rVgw7BQeQ==}

  chalk@5.6.2:
    resolution: {integrity: sha512-7NzBL0rN6fMUW+f7A6Io4h40qQlG+xGmtMxfbnH/K7TAtt8JQWVQK+6g0UXKMeVJoyV5EkkNsErQ8pVD3bLHbA==}
    engines: {node: ^12.17.0 || ^14.13 || >=16.0.0}

  commander@14.0.2:
    resolution: {integrity: sha512-TywoWNNRbhoD0BXs1P3ZEScW8W5iKrnbithIl0YH+uCmBd0QpPOA8yc82DS3BIE5Ma6FnBVUsJ7wVUDz4dvOWQ==}
    engines: {node: '>=20'}

  dotenv@17.2.1:
    resolution: {integrity: sha512-kQhDYKZecqnM0fCnzI5eIv5L4cAe/iRI+HqMbO/hbRdTAeXDG+M9FjipUxNfbARuEg4iHIbhnhs78BCHNbSxEQ==}
    engines: {node: '>=12'}

  esbuild@0.25.9:
    resolution: {integrity: sha512-CRbODhYyQx3qp7ZEwzxOk4JBqmD/seJrzPa/cGjY1VtIn5E09Oi9/dB4JwctnfZ8Q8iT7rioVv5k/FNT/uf54g==}
    engines: {node: '>=18'}
    hasBin: true

  fastestsmallesttextencoderdecoder@1.0.22:
    resolution: {integrity: sha512-Pb8d48e+oIuY4MaM64Cd7OW1gt4nxCHs7/ddPPZ/Ic3sg8yVGM7O9wDvZ7us6ScaUupzM+pfBolwtYhN1IxBIw==}

  fsevents@2.3.3:
    resolution: {integrity: sha512-5xoDfX+fL7faATnagmWPpbFtwh/R77WmMMqqHGS65C3vvB0YHrgF+B1YmZ3441tMj5n63k0212XNoJwzlhffQw==}
    engines: {node: ^8.16.0 || ^10.6.0 || >=11.0.0}
    os: [darwin]

  get-tsconfig@4.10.1:
    resolution: {integrity: sha512-auHyJ4AgMz7vgS8Hp3N6HXSmlMdUyhSUrfBF16w153rxtLIEOE+HGqaBppczZvnHLqQJfiHotCYpNhl0lUROFQ==}

  resolve-pkg-maps@1.0.0:
    resolution: {integrity: sha512-seS2Tj26TBVOC2NIc2rOe2y2ZO7efxITtLZcGSOnHHNOQ7CkiUBfw0Iw2ck6xkIhPwLhKNLS8BO+hEpngQlqzw==}

  tsx@4.20.5:
    resolution: {integrity: sha512-+wKjMNU9w/EaQayHXb7WA7ZaHY6hN8WgfvHNQ3t1PnU91/7O8TcTnIhCDYTZwnt8JsO9IBqZ30Ln1r7pPF52Aw==}
    engines: {node: '>=18.0.0'}
    hasBin: true

  typescript@5.9.2:
    resolution: {integrity: sha512-CWBzXQrc/qOkhidw1OzBTQuYRbfyxDXJMVJ1XNwUHGROVmuaeiEm3OslpZ1RV96d7SKKjZKrSJu3+t/xlw3R9A==}
    engines: {node: '>=14.17'}
    hasBin: true

  undici-types@7.10.0:
    resolution: {integrity: sha512-t5Fy/nfn+14LuOc2KNYg75vZqClpAiqscVvMygNnlsHBFpSXdJaYtXMcdNLpl/Qvc3P2cB3s6lOV51nqsFq4ag==}

  undici-types@7.19.0:
    resolution: {integrity: sha512-Rjk2OWDZf2eiXVQjY2HyE3XPjqW/wXnSZq0QkOsPKZEnaetNNBObTp91LYfGdB8hRbRZk4HFcM/cONw452B0AQ==}

  ws@8.19.0:
    resolution: {integrity: sha512-blAT2mjOEIi0ZzruJfIhb3nps74PRWTCz1IjglWEEpQl5XS/UNama6u2/rjFkDDouqr4L67ry+1aGIALViWjDg==}
    engines: {node: '>=10.0.0'}
    peerDependencies:
      bufferutil: ^4.0.1
      utf-8-validate: '>=5.0.2'
    peerDependenciesMeta:
      bufferutil:
        optional: true
      utf-8-validate:
        optional: true

snapshots:

  '@esbuild/aix-ppc64@0.25.9':
    optional: true

  '@esbuild/android-arm64@0.25.9':
    optional: true

  '@esbuild/android-arm@0.25.9':
    optional: true

  '@esbuild/android-x64@0.25.9':
    optional: true

  '@esbuild/darwin-arm64@0.25.9':
    optional: true

  '@esbuild/darwin-x64@0.25.9':
    optional: true

  '@esbuild/freebsd-arm64@0.25.9':
    optional: true

  '@esbuild/freebsd-x64@0.25.9':
    optional: true

  '@esbuild/linux-arm64@0.25.9':
    optional: true

  '@esbuild/linux-arm@0.25.9':
    optional: true

  '@esbuild/linux-ia32@0.25.9':
    optional: true

  '@esbuild/linux-loong64@0.25.9':
    optional: true

  '@esbuild/linux-mips64el@0.25.9':
    optional: true

  '@esbuild/linux-ppc64@0.25.9':
    optional: true

  '@esbuild/linux-riscv64@0.25.9':
    optional: true

  '@esbuild/linux-s390x@0.25.9':
    optional: true

  '@esbuild/linux-x64@0.25.9':
    optional: true

  '@esbuild/netbsd-arm64@0.25.9':
    optional: true

  '@esbuild/netbsd-x64@0.25.9':
    optional: true

  '@esbuild/openbsd-arm64@0.25.9':
    optional: true

  '@esbuild/openbsd-x64@0.25.9':
    optional: true

  '@esbuild/openharmony-arm64@0.25.9':
    optional: true

  '@esbuild/sunos-x64@0.25.9':
    optional: true

  '@esbuild/win32-arm64@0.25.9':
    optional: true

  '@esbuild/win32-ia32@0.25.9':
    optional: true

  '@esbuild/win32-x64@0.25.9':
    optional: true

  '@solana-program/compute-budget@0.8.0(@solana/kit@5.4.0(fastestsmallesttextencoderdecoder@1.0.22)(typescript@5.9.2))':
    dependencies:
      '@solana/kit': 5.4.0(fastestsmallesttextencoderdecoder@1.0.22)(typescript@5.9.2)

  '@solana-program/memo@0.7.0(@solana/kit@5.4.0(fastestsmallesttextencoderdecoder@1.0.22)(typescript@5.9.2))':
    dependencies:
      '@solana/kit': 5.4.0(fastestsmallesttextencoderdecoder@1.0.22)(typescript@5.9.2)

  '@solana-program/system@0.7.0(@solana/kit@5.4.0(fastestsmallesttextencoderdecoder@1.0.22)(typescript@5.9.2))':
    dependencies:
      '@solana/kit': 5.4.0(fastestsmallesttextencoderdecoder@1.0.22)(typescript@5.9.2)

  '@solana-program/token@0.5.1(@solana/kit@5.4.0(fastestsmallesttextencoderdecoder@1.0.22)(typescript@5.9.2))':
    dependencies:
      '@solana/kit': 5.4.0(fastestsmallesttextencoderdecoder@1.0.22)(typescript@5.9.2)

  '@solana/accounts@5.4.0(fastestsmallesttextencoderdecoder@1.0.22)(typescript@5.9.2)':
    dependencies:
      '@solana/addresses': 5.4.0(fastestsmallesttextencoderdecoder@1.0.22)(typescript@5.9.2)
      '@solana/codecs-core': 5.4.0(typescript@5.9.2)
      '@solana/codecs-strings': 5.4.0(fastestsmallesttextencoderdecoder@1.0.22)(typescript@5.9.2)
      '@solana/errors': 5.4.0(typescript@5.9.2)
      '@solana/rpc-spec': 5.4.0(typescript@5.9.2)
      '@solana/rpc-types': 5.4.0(fastestsmallesttextencoderdecoder@1.0.22)(typescript@5.9.2)
    optionalDependencies:
      typescript: 5.9.2
    transitivePeerDependencies:
      - fastestsmallesttextencoderdecoder

  '@solana/addresses@5.4.0(fastestsmallesttextencoderdecoder@1.0.22)(typescript@5.9.2)':
    dependencies:
      '@solana/assertions': 5.4.0(typescript@5.9.2)
      '@solana/codecs-core': 5.4.0(typescript@5.9.2)
      '@solana/codecs-strings': 5.4.0(fastestsmallesttextencoderdecoder@1.0.22)(typescript@5.9.2)
      '@solana/errors': 5.4.0(typescript@5.9.2)
      '@solana/nominal-types': 5.4.0(typescript@5.9.2)
    optionalDependencies:
      typescript: 5.9.2
    transitivePeerDependencies:
      - fastestsmallesttextencoderdecoder

  '@solana/assertions@5.4.0(typescript@5.9.2)':
    dependencies:
      '@solana/errors': 5.4.0(typescript@5.9.2)
    optionalDependencies:
      typescript: 5.9.2

  '@solana/codecs-core@5.4.0(typescript@5.9.2)':
    dependencies:
      '@solana/errors': 5.4.0(typescript@5.9.2)
    optionalDependencies:
      typescript: 5.9.2

  '@solana/codecs-data-structures@5.4.0(typescript@5.9.2)':
    dependencies:
      '@solana/codecs-core': 5.4.0(typescript@5.9.2)
      '@solana/codecs-numbers': 5.4.0(typescript@5.9.2)
      '@solana/errors': 5.4.0(typescript@5.9.2)
    optionalDependencies:
      typescript: 5.9.2

  '@solana/codecs-numbers@5.4.0(typescript@5.9.2)':
    dependencies:
      '@solana/codecs-core': 5.4.0(typescript@5.9.2)
      '@solana/errors': 5.4.0(typescript@5.9.2)
    optionalDependencies:
      typescript: 5.9.2

  '@solana/codecs-strings@5.4.0(fastestsmallesttextencoderdecoder@1.0.22)(typescript@5.9.2)':
    dependencies:
      '@solana/codecs-core': 5.4.0(typescript@5.9.2)
      '@solana/codecs-numbers': 5.4.0(typescript@5.9.2)
      '@solana/errors': 5.4.0(typescript@5.9.2)
    optionalDependencies:
      fastestsmallesttextencoderdecoder: 1.0.22
      typescript: 5.9.2

  '@solana/codecs@5.4.0(fastestsmallesttextencoderdecoder@1.0.22)(typescript@5.9.2)':
    dependencies:
      '@solana/codecs-core': 5.4.0(typescript@5.9.2)
      '@solana/codecs-data-structures': 5.4.0(typescript@5.9.2)
      '@solana/codecs-numbers': 5.4.0(typescript@5.9.2)
      '@solana/codecs-strings': 5.4.0(fastestsmallesttextencoderdecoder@1.0.22)(typescript@5.9.2)
      '@solana/options': 5.4.0(fastestsmallesttextencoderdecoder@1.0.22)(typescript@5.9.2)
    optionalDependencies:
      typescript: 5.9.2
    transitivePeerDependencies:
      - fastestsmallesttextencoderdecoder

  '@solana/errors@5.4.0(typescript@5.9.2)':
    dependencies:
      chalk: 5.6.2
      commander: 14.0.2
    optionalDependencies:
      typescript: 5.9.2

  '@solana/fast-stable-stringify@5.4.0(typescript@5.9.2)':
    optionalDependencies:
      typescript: 5.9.2

  '@solana/functional@5.4.0(typescript@5.9.2)':
    optionalDependencies:
      typescript: 5.9.2

  '@solana/instruction-plans@5.4.0(fastestsmallesttextencoderdecoder@1.0.22)(typescript@5.9.2)':
    dependencies:
      '@solana/errors': 5.4.0(typescript@5.9.2)
      '@solana/instructions': 5.4.0(typescript@5.9.2)
      '@solana/keys': 5.4.0(fastestsmallesttextencoderdecoder@1.0.22)(typescript@5.9.2)
      '@solana/promises': 5.4.0(typescript@5.9.2)
      '@solana/transaction-messages': 5.4.0(fastestsmallesttextencoderdecoder@1.0.22)(typescript@5.9.2)
      '@solana/transactions': 5.4.0(fastestsmallesttextencoderdecoder@1.0.22)(typescript@5.9.2)
    optionalDependencies:
      typescript: 5.9.2
    transitivePeerDependencies:
      - fastestsmallesttextencoderdecoder

  '@solana/instructions@5.4.0(typescript@5.9.2)':
    dependencies:
      '@solana/codecs-core': 5.4.0(typescript@5.9.2)
      '@solana/errors': 5.4.0(typescript@5.9.2)
    optionalDependencies:
      typescript: 5.9.2

  '@solana/keys@5.4.0(fastestsmallesttextencoderdecoder@1.0.22)(typescript@5.9.2)':
    dependencies:
      '@solana/assertions': 5.4.0(typescript@5.9.2)
      '@solana/codecs-core': 5.4.0(typescript@5.9.2)
      '@solana/codecs-strings': 5.4.0(fastestsmallesttextencoderdecoder@1.0.22)(typescript@5.9.2)
      '@solana/errors': 5.4.0(typescript@5.9.2)
      '@solana/nominal-types': 5.4.0(typescript@5.9.2)
    optionalDependencies:
      typescript: 5.9.2
    transitivePeerDependencies:
      - fastestsmallesttextencoderdecoder

  '@solana/kit@5.4.0(fastestsmallesttextencoderdecoder@1.0.22)(typescript@5.9.2)':
    dependencies:
      '@solana/accounts': 5.4.0(fastestsmallesttextencoderdecoder@1.0.22)(typescript@5.9.2)
      '@solana/addresses': 5.4.0(fastestsmallesttextencoderdecoder@1.0.22)(typescript@5.9.2)
      '@solana/codecs': 5.4.0(fastestsmallesttextencoderdecoder@1.0.22)(typescript@5.9.2)
      '@solana/errors': 5.4.0(typescript@5.9.2)
      '@solana/functional': 5.4.0(typescript@5.9.2)
      '@solana/instruction-plans': 5.4.0(fastestsmallesttextencoderdecoder@1.0.22)(typescript@5.9.2)
      '@solana/instructions': 5.4.0(typescript@5.9.2)
      '@solana/keys': 5.4.0(fastestsmallesttextencoderdecoder@1.0.22)(typescript@5.9.2)
      '@solana/offchain-messages': 5.4.0(fastestsmallesttextencoderdecoder@1.0.22)(typescript@5.9.2)
      '@solana/plugin-core': 5.4.0(typescript@5.9.2)
      '@solana/programs': 5.4.0(fastestsmallesttextencoderdecoder@1.0.22)(typescript@5.9.2)
      '@solana/rpc': 5.4.0(fastestsmallesttextencoderdecoder@1.0.22)(typescript@5.9.2)
      '@solana/rpc-api': 5.4.0(fastestsmallesttextencoderdecoder@1.0.22)(typescript@5.9.2)
      '@solana/rpc-parsed-types': 5.4.0(typescript@5.9.2)
      '@solana/rpc-spec-types': 5.4.0(typescript@5.9.2)
      '@solana/rpc-subscriptions': 5.4.0(fastestsmallesttextencoderdecoder@1.0.22)(typescript@5.9.2)
      '@solana/rpc-types': 5.4.0(fastestsmallesttextencoderdecoder@1.0.22)(typescript@5.9.2)
      '@solana/signers': 5.4.0(fastestsmallesttextencoderdecoder@1.0.22)(typescript@5.9.2)
      '@solana/sysvars': 5.4.0(fastestsmallesttextencoderdecoder@1.0.22)(typescript@5.9.2)
      '@solana/transaction-confirmation': 5.4.0(fastestsmallesttextencoderdecoder@1.0.22)(typescript@5.9.2)
      '@solana/transaction-messages': 5.4.0(fastestsmallesttextencoderdecoder@1.0.22)(typescript@5.9.2)
      '@solana/transactions': 5.4.0(fastestsmallesttextencoderdecoder@1.0.22)(typescript@5.9.2)
    optionalDependencies:
      typescript: 5.9.2
    transitivePeerDependencies:
      - bufferutil
      - fastestsmallesttextencoderdecoder
      - utf-8-validate

  '@solana/kora@0.1.1(@solana-program/token@0.5.1(@solana/kit@5.4.0(fastestsmallesttextencoderdecoder@1.0.22)(typescript@5.9.2)))(@solana/kit@5.4.0(fastestsmallesttextencoderdecoder@1.0.22)(typescript@5.9.2))':
    dependencies:
      '@solana-program/token': 0.5.1(@solana/kit@5.4.0(fastestsmallesttextencoderdecoder@1.0.22)(typescript@5.9.2))
      '@solana/kit': 5.4.0(fastestsmallesttextencoderdecoder@1.0.22)(typescript@5.9.2)

  '@solana/nominal-types@5.4.0(typescript@5.9.2)':
    optionalDependencies:
      typescript: 5.9.2

  '@solana/offchain-messages@5.4.0(fastestsmallesttextencoderdecoder@1.0.22)(typescript@5.9.2)':
    dependencies:
      '@solana/addresses': 5.4.0(fastestsmallesttextencoderdecoder@1.0.22)(typescript@5.9.2)
      '@solana/codecs-core': 5.4.0(typescript@5.9.2)
      '@solana/codecs-data-structures': 5.4.0(typescript@5.9.2)
      '@solana/codecs-numbers': 5.4.0(typescript@5.9.2)
      '@solana/codecs-strings': 5.4.0(fastestsmallesttextencoderdecoder@1.0.22)(typescript@5.9.2)
      '@solana/errors': 5.4.0(typescript@5.9.2)
      '@solana/keys': 5.4.0(fastestsmallesttextencoderdecoder@1.0.22)(typescript@5.9.2)
      '@solana/nominal-types': 5.4.0(typescript@5.9.2)
    optionalDependencies:
      typescript: 5.9.2
    transitivePeerDependencies:
      - fastestsmallesttextencoderdecoder

  '@solana/options@5.4.0(fastestsmallesttextencoderdecoder@1.0.22)(typescript@5.9.2)':
    dependencies:
      '@solana/codecs-core': 5.4.0(typescript@5.9.2)
      '@solana/codecs-data-structures': 5.4.0(typescript@5.9.2)
      '@solana/codecs-numbers': 5.4.0(typescript@5.9.2)
      '@solana/codecs-strings': 5.4.0(fastestsmallesttextencoderdecoder@1.0.22)(typescript@5.9.2)
      '@solana/errors': 5.4.0(typescript@5.9.2)
    optionalDependencies:
      typescript: 5.9.2
    transitivePeerDependencies:
      - fastestsmallesttextencoderdecoder

  '@solana/plugin-core@5.4.0(typescript@5.9.2)':
    optionalDependencies:
      typescript: 5.9.2

  '@solana/programs@5.4.0(fastestsmallesttextencoderdecoder@1.0.22)(typescript@5.9.2)':
    dependencies:
      '@solana/addresses': 5.4.0(fastestsmallesttextencoderdecoder@1.0.22)(typescript@5.9.2)
      '@solana/errors': 5.4.0(typescript@5.9.2)
    optionalDependencies:
      typescript: 5.9.2
    transitivePeerDependencies:
      - fastestsmallesttextencoderdecoder

  '@solana/promises@5.4.0(typescript@5.9.2)':
    optionalDependencies:
      typescript: 5.9.2

  '@solana/rpc-api@5.4.0(fastestsmallesttextencoderdecoder@1.0.22)(typescript@5.9.2)':
    dependencies:
      '@solana/addresses': 5.4.0(fastestsmallesttextencoderdecoder@1.0.22)(typescript@5.9.2)
      '@solana/codecs-core': 5.4.0(typescript@5.9.2)
      '@solana/codecs-strings': 5.4.0(fastestsmallesttextencoderdecoder@1.0.22)(typescript@5.9.2)
      '@solana/errors': 5.4.0(typescript@5.9.2)
      '@solana/keys': 5.4.0(fastestsmallesttextencoderdecoder@1.0.22)(typescript@5.9.2)
      '@solana/rpc-parsed-types': 5.4.0(typescript@5.9.2)
      '@solana/rpc-spec': 5.4.0(typescript@5.9.2)
      '@solana/rpc-transformers': 5.4.0(fastestsmallesttextencoderdecoder@1.0.22)(typescript@5.9.2)
      '@solana/rpc-types': 5.4.0(fastestsmallesttextencoderdecoder@1.0.22)(typescript@5.9.2)
      '@solana/transaction-messages': 5.4.0(fastestsmallesttextencoderdecoder@1.0.22)(typescript@5.9.2)
      '@solana/transactions': 5.4.0(fastestsmallesttextencoderdecoder@1.0.22)(typescript@5.9.2)
    optionalDependencies:
      typescript: 5.9.2
    transitivePeerDependencies:
      - fastestsmallesttextencoderdecoder

  '@solana/rpc-parsed-types@5.4.0(typescript@5.9.2)':
    optionalDependencies:
      typescript: 5.9.2

  '@solana/rpc-spec-types@5.4.0(typescript@5.9.2)':
    optionalDependencies:
      typescript: 5.9.2

  '@solana/rpc-spec@5.4.0(typescript@5.9.2)':
    dependencies:
      '@solana/errors': 5.4.0(typescript@5.9.2)
      '@solana/rpc-spec-types': 5.4.0(typescript@5.9.2)
    optionalDependencies:
      typescript: 5.9.2

  '@solana/rpc-subscriptions-api@5.4.0(fastestsmallesttextencoderdecoder@1.0.22)(typescript@5.9.2)':
    dependencies:
      '@solana/addresses': 5.4.0(fastestsmallesttextencoderdecoder@1.0.22)(typescript@5.9.2)
      '@solana/keys': 5.4.0(fastestsmallesttextencoderdecoder@1.0.22)(typescript@5.9.2)
      '@solana/rpc-subscriptions-spec': 5.4.0(typescript@5.9.2)
      '@solana/rpc-transformers': 5.4.0(fastestsmallesttextencoderdecoder@1.0.22)(typescript@5.9.2)
      '@solana/rpc-types': 5.4.0(fastestsmallesttextencoderdecoder@1.0.22)(typescript@5.9.2)
      '@solana/transaction-messages': 5.4.0(fastestsmallesttextencoderdecoder@1.0.22)(typescript@5.9.2)
      '@solana/transactions': 5.4.0(fastestsmallesttextencoderdecoder@1.0.22)(typescript@5.9.2)
    optionalDependencies:
      typescript: 5.9.2
    transitivePeerDependencies:
      - fastestsmallesttextencoderdecoder

  '@solana/rpc-subscriptions-channel-websocket@5.4.0(typescript@5.9.2)':
    dependencies:
      '@solana/errors': 5.4.0(typescript@5.9.2)
      '@solana/functional': 5.4.0(typescript@5.9.2)
      '@solana/rpc-subscriptions-spec': 5.4.0(typescript@5.9.2)
      '@solana/subscribable': 5.4.0(typescript@5.9.2)
      ws: 8.19.0
    optionalDependencies:
      typescript: 5.9.2
    transitivePeerDependencies:
      - bufferutil
      - utf-8-validate

  '@solana/rpc-subscriptions-spec@5.4.0(typescript@5.9.2)':
    dependencies:
      '@solana/errors': 5.4.0(typescript@5.9.2)
      '@solana/promises': 5.4.0(typescript@5.9.2)
      '@solana/rpc-spec-types': 5.4.0(typescript@5.9.2)
      '@solana/subscribable': 5.4.0(typescript@5.9.2)
    optionalDependencies:
      typescript: 5.9.2

  '@solana/rpc-subscriptions@5.4.0(fastestsmallesttextencoderdecoder@1.0.22)(typescript@5.9.2)':
    dependencies:
      '@solana/errors': 5.4.0(typescript@5.9.2)
      '@solana/fast-stable-stringify': 5.4.0(typescript@5.9.2)
      '@solana/functional': 5.4.0(typescript@5.9.2)
      '@solana/promises': 5.4.0(typescript@5.9.2)
      '@solana/rpc-spec-types': 5.4.0(typescript@5.9.2)
      '@solana/rpc-subscriptions-api': 5.4.0(fastestsmallesttextencoderdecoder@1.0.22)(typescript@5.9.2)
      '@solana/rpc-subscriptions-channel-websocket': 5.4.0(typescript@5.9.2)
      '@solana/rpc-subscriptions-spec': 5.4.0(typescript@5.9.2)
      '@solana/rpc-transformers': 5.4.0(fastestsmallesttextencoderdecoder@1.0.22)(typescript@5.9.2)
      '@solana/rpc-types': 5.4.0(fastestsmallesttextencoderdecoder@1.0.22)(typescript@5.9.2)
      '@solana/subscribable': 5.4.0(typescript@5.9.2)
    optionalDependencies:
      typescript: 5.9.2
    transitivePeerDependencies:
      - bufferutil
      - fastestsmallesttextencoderdecoder
      - utf-8-validate

  '@solana/rpc-transformers@5.4.0(fastestsmallesttextencoderdecoder@1.0.22)(typescript@5.9.2)':
    dependencies:
      '@solana/errors': 5.4.0(typescript@5.9.2)
      '@solana/functional': 5.4.0(typescript@5.9.2)
      '@solana/nominal-types': 5.4.0(typescript@5.9.2)
      '@solana/rpc-spec-types': 5.4.0(typescript@5.9.2)
      '@solana/rpc-types': 5.4.0(fastestsmallesttextencoderdecoder@1.0.22)(typescript@5.9.2)
    optionalDependencies:
      typescript: 5.9.2
    transitivePeerDependencies:
      - fastestsmallesttextencoderdecoder

  '@solana/rpc-transport-http@5.4.0(typescript@5.9.2)':
    dependencies:
      '@solana/errors': 5.4.0(typescript@5.9.2)
      '@solana/rpc-spec': 5.4.0(typescript@5.9.2)
      '@solana/rpc-spec-types': 5.4.0(typescript@5.9.2)
      undici-types: 7.19.0
    optionalDependencies:
      typescript: 5.9.2

  '@solana/rpc-types@5.4.0(fastestsmallesttextencoderdecoder@1.0.22)(typescript@5.9.2)':
    dependencies:
      '@solana/addresses': 5.4.0(fastestsmallesttextencoderdecoder@1.0.22)(typescript@5.9.2)
      '@solana/codecs-core': 5.4.0(typescript@5.9.2)
      '@solana/codecs-numbers': 5.4.0(typescript@5.9.2)
      '@solana/codecs-strings': 5.4.0(fastestsmallesttextencoderdecoder@1.0.22)(typescript@5.9.2)
      '@solana/errors': 5.4.0(typescript@5.9.2)
      '@solana/nominal-types': 5.4.0(typescript@5.9.2)
    optionalDependencies:
      typescript: 5.9.2
    transitivePeerDependencies:
      - fastestsmallesttextencoderdecoder

  '@solana/rpc@5.4.0(fastestsmallesttextencoderdecoder@1.0.22)(typescript@5.9.2)':
    dependencies:
      '@solana/errors': 5.4.0(typescript@5.9.2)
      '@solana/fast-stable-stringify': 5.4.0(typescript@5.9.2)
      '@solana/functional': 5.4.0(typescript@5.9.2)
      '@solana/rpc-api': 5.4.0(fastestsmallesttextencoderdecoder@1.0.22)(typescript@5.9.2)
      '@solana/rpc-spec': 5.4.0(typescript@5.9.2)
      '@solana/rpc-spec-types': 5.4.0(typescript@5.9.2)
      '@solana/rpc-transformers': 5.4.0(fastestsmallesttextencoderdecoder@1.0.22)(typescript@5.9.2)
      '@solana/rpc-transport-http': 5.4.0(typescript@5.9.2)
      '@solana/rpc-types': 5.4.0(fastestsmallesttextencoderdecoder@1.0.22)(typescript@5.9.2)
    optionalDependencies:
      typescript: 5.9.2
    transitivePeerDependencies:
      - fastestsmallesttextencoderdecoder

  '@solana/signers@5.4.0(fastestsmallesttextencoderdecoder@1.0.22)(typescript@5.9.2)':
    dependencies:
      '@solana/addresses': 5.4.0(fastestsmallesttextencoderdecoder@1.0.22)(typescript@5.9.2)
      '@solana/codecs-core': 5.4.0(typescript@5.9.2)
      '@solana/errors': 5.4.0(typescript@5.9.2)
      '@solana/instructions': 5.4.0(typescript@5.9.2)
      '@solana/keys': 5.4.0(fastestsmallesttextencoderdecoder@1.0.22)(typescript@5.9.2)
      '@solana/nominal-types': 5.4.0(typescript@5.9.2)
      '@solana/offchain-messages': 5.4.0(fastestsmallesttextencoderdecoder@1.0.22)(typescript@5.9.2)
      '@solana/transaction-messages': 5.4.0(fastestsmallesttextencoderdecoder@1.0.22)(typescript@5.9.2)
      '@solana/transactions': 5.4.0(fastestsmallesttextencoderdecoder@1.0.22)(typescript@5.9.2)
    optionalDependencies:
      typescript: 5.9.2
    transitivePeerDependencies:
      - fastestsmallesttextencoderdecoder

  '@solana/subscribable@5.4.0(typescript@5.9.2)':
    dependencies:
      '@solana/errors': 5.4.0(typescript@5.9.2)
    optionalDependencies:
      typescript: 5.9.2

  '@solana/sysvars@5.4.0(fastestsmallesttextencoderdecoder@1.0.22)(typescript@5.9.2)':
    dependencies:
      '@solana/accounts': 5.4.0(fastestsmallesttextencoderdecoder@1.0.22)(typescript@5.9.2)
      '@solana/codecs': 5.4.0(fastestsmallesttextencoderdecoder@1.0.22)(typescript@5.9.2)
      '@solana/errors': 5.4.0(typescript@5.9.2)
      '@solana/rpc-types': 5.4.0(fastestsmallesttextencoderdecoder@1.0.22)(typescript@5.9.2)
    optionalDependencies:
      typescript: 5.9.2
    transitivePeerDependencies:
      - fastestsmallesttextencoderdecoder

  '@solana/transaction-confirmation@5.4.0(fastestsmallesttextencoderdecoder@1.0.22)(typescript@5.9.2)':
    dependencies:
      '@solana/addresses': 5.4.0(fastestsmallesttextencoderdecoder@1.0.22)(typescript@5.9.2)
      '@solana/codecs-strings': 5.4.0(fastestsmallesttextencoderdecoder@1.0.22)(typescript@5.9.2)
      '@solana/errors': 5.4.0(typescript@5.9.2)
      '@solana/keys': 5.4.0(fastestsmallesttextencoderdecoder@1.0.22)(typescript@5.9.2)
      '@solana/promises': 5.4.0(typescript@5.9.2)
      '@solana/rpc': 5.4.0(fastestsmallesttextencoderdecoder@1.0.22)(typescript@5.9.2)
      '@solana/rpc-subscriptions': 5.4.0(fastestsmallesttextencoderdecoder@1.0.22)(typescript@5.9.2)
      '@solana/rpc-types': 5.4.0(fastestsmallesttextencoderdecoder@1.0.22)(typescript@5.9.2)
      '@solana/transaction-messages': 5.4.0(fastestsmallesttextencoderdecoder@1.0.22)(typescript@5.9.2)
      '@solana/transactions': 5.4.0(fastestsmallesttextencoderdecoder@1.0.22)(typescript@5.9.2)
    optionalDependencies:
      typescript: 5.9.2
    transitivePeerDependencies:
      - bufferutil
      - fastestsmallesttextencoderdecoder
      - utf-8-validate

  '@solana/transaction-messages@5.4.0(fastestsmallesttextencoderdecoder@1.0.22)(typescript@5.9.2)':
    dependencies:
      '@solana/addresses': 5.4.0(fastestsmallesttextencoderdecoder@1.0.22)(typescript@5.9.2)
      '@solana/codecs-core': 5.4.0(typescript@5.9.2)
      '@solana/codecs-data-structures': 5.4.0(typescript@5.9.2)
      '@solana/codecs-numbers': 5.4.0(typescript@5.9.2)
      '@solana/errors': 5.4.0(typescript@5.9.2)
      '@solana/functional': 5.4.0(typescript@5.9.2)
      '@solana/instructions': 5.4.0(typescript@5.9.2)
      '@solana/nominal-types': 5.4.0(typescript@5.9.2)
      '@solana/rpc-types': 5.4.0(fastestsmallesttextencoderdecoder@1.0.22)(typescript@5.9.2)
    optionalDependencies:
      typescript: 5.9.2
    transitivePeerDependencies:
      - fastestsmallesttextencoderdecoder

  '@solana/transactions@5.4.0(fastestsmallesttextencoderdecoder@1.0.22)(typescript@5.9.2)':
    dependencies:
      '@solana/addresses': 5.4.0(fastestsmallesttextencoderdecoder@1.0.22)(typescript@5.9.2)
      '@solana/codecs-core': 5.4.0(typescript@5.9.2)
      '@solana/codecs-data-structures': 5.4.0(typescript@5.9.2)
      '@solana/codecs-numbers': 5.4.0(typescript@5.9.2)
      '@solana/codecs-strings': 5.4.0(fastestsmallesttextencoderdecoder@1.0.22)(typescript@5.9.2)
      '@solana/errors': 5.4.0(typescript@5.9.2)
      '@solana/functional': 5.4.0(typescript@5.9.2)
      '@solana/instructions': 5.4.0(typescript@5.9.2)
      '@solana/keys': 5.4.0(fastestsmallesttextencoderdecoder@1.0.22)(typescript@5.9.2)
      '@solana/nominal-types': 5.4.0(typescript@5.9.2)
      '@solana/rpc-types': 5.4.0(fastestsmallesttextencoderdecoder@1.0.22)(typescript@5.9.2)
      '@solana/transaction-messages': 5.4.0(fastestsmallesttextencoderdecoder@1.0.22)(typescript@5.9.2)
    optionalDependencies:
      typescript: 5.9.2
    transitivePeerDependencies:
      - fastestsmallesttextencoderdecoder

  '@types/node@24.2.1':
    dependencies:
      undici-types: 7.10.0

  chalk@5.6.2: {}

  commander@14.0.2: {}

  dotenv@17.2.1: {}

  esbuild@0.25.9:
    optionalDependencies:
      '@esbuild/aix-ppc64': 0.25.9
      '@esbuild/android-arm': 0.25.9
      '@esbuild/android-arm64': 0.25.9
      '@esbuild/android-x64': 0.25.9
      '@esbuild/darwin-arm64': 0.25.9
      '@esbuild/darwin-x64': 0.25.9
      '@esbuild/freebsd-arm64': 0.25.9
      '@esbuild/freebsd-x64': 0.25.9
      '@esbuild/linux-arm': 0.25.9
      '@esbuild/linux-arm64': 0.25.9
      '@esbuild/linux-ia32': 0.25.9
      '@esbuild/linux-loong64': 0.25.9
      '@esbuild/linux-mips64el': 0.25.9
      '@esbuild/linux-ppc64': 0.25.9
      '@esbuild/linux-riscv64': 0.25.9
      '@esbuild/linux-s390x': 0.25.9
      '@esbuild/linux-x64': 0.25.9
      '@esbuild/netbsd-arm64': 0.25.9
      '@esbuild/netbsd-x64': 0.25.9
      '@esbuild/openbsd-arm64': 0.25.9
      '@esbuild/openbsd-x64': 0.25.9
      '@esbuild/openharmony-arm64': 0.25.9
      '@esbuild/sunos-x64': 0.25.9
      '@esbuild/win32-arm64': 0.25.9
      '@esbuild/win32-ia32': 0.25.9
      '@esbuild/win32-x64': 0.25.9

  fastestsmallesttextencoderdecoder@1.0.22:
    optional: true

  fsevents@2.3.3:
    optional: true

  get-tsconfig@4.10.1:
    dependencies:
      resolve-pkg-maps: 1.0.0

  resolve-pkg-maps@1.0.0: {}

  tsx@4.20.5:
    dependencies:
      esbuild: 0.25.9
      get-tsconfig: 4.10.1
    optionalDependencies:
      fsevents: 2.3.3

  typescript@5.9.2: {}

  undici-types@7.10.0: {}

  undici-types@7.19.0: {}

  ws@8.19.0: {}
